
Microsoft Visual Studio Solution File, Format Version 12.00
# Visual Studio Version 18
VisualStudioVersion = 18.8.12023.21
MinimumVisualStudioVersion = 10.0.40219.1
Project("{2150E333-8FDC-42A3-9474-1A3956D46DE8}") = "src", "src", "{827E0CD3-B72D-47B6-A68D-7590B98EB39B}"
EndProject
Project("{FAE04EC0-301F-11D3-BF4B-00C04F79EFBC}") = "ScriptEngine.WinForms", "src\Platform\Scripting\ScriptEngine.WinForms\ScriptEngine.WinForms.csproj", "{CA87BEC0-0F9E-4002-9D50-B070DB0D63F4}"
EndProject
Project("{FAE04EC0-301F-11D3-BF4B-00C04F79EFBC}") = "ScriptEngine.Wpf", "src\Platform\Scripting\ScriptEngine.Wpf\ScriptEngine.Wpf.csproj", "{78E4DB1C-236D-484C-BC3D-4729DE23EA87}"
EndProject
Project("{FAE04EC0-301F-11D3-BF4B-00C04F79EFBC}") = "ScriptEngine", "src\Platform\Scripting\ScriptEngine\ScriptEngine.csproj", "{8CBA2B19-C7F4-42DE-AD14-85C7DFAF5F72}"
EndProject
Project("{FAE04EC0-301F-11D3-BF4B-00C04F79EFBC}") = "DP.WorkFlow.Abstractions", "src\Workflow\Kernel\DP.WorkFlow.Abstractions\DP.WorkFlow.Abstractions.csproj", "{A6D37312-A23B-4674-81D6-11A7642953F9}"
EndProject
Project("{FAE04EC0-301F-11D3-BF4B-00C04F79EFBC}") = "DP.WorkFlow.Core", "src\Workflow\Kernel\DP.WorkFlow.Core\DP.WorkFlow.Core.csproj", "{C745E062-C224-4B6F-A66B-86DA936A2E38}"
EndProject
Project("{FAE04EC0-301F-11D3-BF4B-00C04F79EFBC}") = "DP.WorkFlow.Nodes.Composite", "src\Workflow\Nodes\DP.WorkFlow.Nodes.Composite\DP.WorkFlow.Nodes.Composite.csproj", "{E4CBE07A-ED16-4A28-B949-C18CCA681FEC}"
EndProject
Project("{FAE04EC0-301F-11D3-BF4B-00C04F79EFBC}") = "DP.WorkFlow.Nodes.Motion", "src\Workflow\Nodes\DP.WorkFlow.Nodes.Motion\DP.WorkFlow.Nodes.Motion.csproj", "{683DEB4B-FA2B-4032-B41A-B88FDF6431EA}"
EndProject
Project("{FAE04EC0-301F-11D3-BF4B-00C04F79EFBC}") = "DP.WorkFlow.Nodes.Process", "src\Workflow\Nodes\DP.WorkFlow.Nodes.Process\DP.WorkFlow.Nodes.Process.csproj", "{C2920226-4665-4D5D-A3A8-6594A5A43EE1}"
EndProject
Project("{FAE04EC0-301F-11D3-BF4B-00C04F79EFBC}") = "DP.WorkFlow.Nodes.Standard", "src\Workflow\Nodes\DP.WorkFlow.Nodes.Standard\DP.WorkFlow.Nodes.Standard.csproj", "{E7E853C0-2F53-4891-A855-4B76A18E4E0F}"
EndProject
Project("{FAE04EC0-301F-11D3-BF4B-00C04F79EFBC}") = "DP.WorkFlow.Nodes.Vision", "src\Workflow\Nodes\DP.WorkFlow.Nodes.Vision\DP.WorkFlow.Nodes.Vision.csproj", "{61AEF19E-6A92-468B-AAAE-E6690B9776B1}"
EndProject
Project("{FAE04EC0-301F-11D3-BF4B-00C04F79EFBC}") = "DP.WorkFlow.Persistence.Json", "src\Workflow\Persistence\DP.WorkFlow.Persistence.Json\DP.WorkFlow.Persistence.Json.csproj", "{B8827366-A529-47FE-A979-A8B467D8AFD4}"
EndProject
Project("{FAE04EC0-301F-11D3-BF4B-00C04F79EFBC}") = "DP.WorkFlow.Runtime", "src\Workflow\Kernel\DP.WorkFlow.Runtime\DP.WorkFlow.Runtime.csproj", "{E5E7DA45-CDC9-4B26-B5F8-83767452322F}"
EndProject
Project("{FAE04EC0-301F-11D3-BF4B-00C04F79EFBC}") = "DP.WorkFlow.UI.Shared", "src\Workflow\Studio\DP.WorkFlow.UI.Shared\DP.WorkFlow.UI.Shared.csproj", "{0457A39B-8DC6-4052-AC4A-AE8C95EB41E2}"
EndProject
Project("{FAE04EC0-301F-11D3-BF4B-00C04F79EFBC}") = "DP.WorkFlow.UI.WinForms", "src\Workflow\Studio\DP.WorkFlow.UI.WinForms\DP.WorkFlow.UI.WinForms.csproj", "{073387FB-997A-43F5-8C16-E422BAEF433C}"
EndProject
Project("{FAE04EC0-301F-11D3-BF4B-00C04F79EFBC}") = "DP.WorkFlow.UI.Wpf", "src\Workflow\Studio\DP.WorkFlow.UI.Wpf\DP.WorkFlow.UI.Wpf.csproj", "{7BB323BE-DC57-4863-B1A9-10EEF74E4EB4}"
EndProject
Project("{FAE04EC0-301F-11D3-BF4B-00C04F79EFBC}") = "DP.WorkFlow.Vision.UI.WinForms", "src\Workflow\Studio\DP.WorkFlow.Vision.UI.WinForms\DP.WorkFlow.Vision.UI.WinForms.csproj", "{BB8C620C-A8B5-41D7-8C7B-EA7CB8813FEE}"
EndProject
Project("{FAE04EC0-301F-11D3-BF4B-00C04F79EFBC}") = "DP.WorkFlow.Vision.UI.Wpf", "src\Workflow\Studio\DP.WorkFlow.Vision.UI.Wpf\DP.WorkFlow.Vision.UI.Wpf.csproj", "{F6D9A36B-89D3-4A20-B118-1E1778BCCB3B}"
EndProject
Project("{FAE04EC0-301F-11D3-BF4B-00C04F79EFBC}") = "DP.WorkFlow.Vision.UI", "src\Workflow\Studio\DP.WorkFlow.Vision.UI\DP.WorkFlow.Vision.UI.csproj", "{61EE8E77-3B13-4EF8-A7CC-FC45F072B729}"
EndProject
Project("{FAE04EC0-301F-11D3-BF4B-00C04F79EFBC}") = "ModernUI.WinForms.Gallery", "src\Platform\Desktop\ModernUI.WinForms.Gallery\ModernUI.WinForms.Gallery.csproj", "{B5018D15-639C-4FCD-AAED-5DE1615DD872}"
EndProject
Project("{FAE04EC0-301F-11D3-BF4B-00C04F79EFBC}") = "ModernUI.WinForms", "src\Platform\Desktop\ModernUI.WinForms\ModernUI.WinForms.csproj", "{6024AE70-64D1-4ACD-9BA3-4D6F416F97E8}"
EndProject
Project("{FAE04EC0-301F-11D3-BF4B-00C04F79EFBC}") = "ModernUI.Localization", "src\Platform\Localization\ModernUI.Localization\ModernUI.Localization.csproj", "{9EF35A05-6239-463B-B8AA-F927BF634967}"
EndProject
Project("{2150E333-8FDC-42A3-9474-1A3956D46DE8}") = "Tests", "Tests", "{0AB3BF05-4346-4AA6-1389-037BE0695223}"
EndProject
Project("{FAE04EC0-301F-11D3-BF4B-00C04F79EFBC}") = "ScriptEngine.Tests", "tests\Platform\ScriptEngine.Tests\ScriptEngine.Tests.csproj", "{CFF82FAD-EB83-4128-A617-A8CFD757B432}"
EndProject
Project("{FAE04EC0-301F-11D3-BF4B-00C04F79EFBC}") = "DP.WorkFlow.Core.Tests", "tests\Workflow\DP.WorkFlow.Core.Tests\DP.WorkFlow.Core.Tests.csproj", "{9C54212E-20A1-48C8-AFC6-47AB4CC1E6FA}"
EndProject
Project("{FAE04EC0-301F-11D3-BF4B-00C04F79EFBC}") = "DP.WorkFlow.Nodes.Composite.Tests", "tests\Workflow\DP.WorkFlow.Nodes.Composite.Tests\DP.WorkFlow.Nodes.Composite.Tests.csproj", "{77D2CA0F-10CA-4C2B-A44E-99E1B461161D}"
EndProject
Project("{FAE04EC0-301F-11D3-BF4B-00C04F79EFBC}") = "DP.WorkFlow.Nodes.Motion.Tests", "tests\Workflow\DP.WorkFlow.Nodes.Motion.Tests\DP.WorkFlow.Nodes.Motion.Tests.csproj", "{134A29B8-1AB9-4455-8770-30E28A2B78EB}"
EndProject
Project("{FAE04EC0-301F-11D3-BF4B-00C04F79EFBC}") = "DP.WorkFlow.Nodes.Process.Tests", "tests\Workflow\DP.WorkFlow.Nodes.Process.Tests\DP.WorkFlow.Nodes.Process.Tests.csproj", "{F6EFA20B-CCC7-4ECC-BD82-CC280D96A198}"
EndProject
Project("{FAE04EC0-301F-11D3-BF4B-00C04F79EFBC}") = "DP.WorkFlow.Nodes.Standard.Tests", "tests\Workflow\DP.WorkFlow.Nodes.Standard.Tests\DP.WorkFlow.Nodes.Standard.Tests.csproj", "{BD35C634-9A82-4F5C-B747-9BD62AD624B1}"
EndProject
Project("{FAE04EC0-301F-11D3-BF4B-00C04F79EFBC}") = "DP.WorkFlow.Persistence.Tests", "tests\Workflow\DP.WorkFlow.Persistence.Tests\DP.WorkFlow.Persistence.Tests.csproj", "{38FF21AA-F999-4EC5-90E2-BF2E1CAF9F5F}"
EndProject
Project("{FAE04EC0-301F-11D3-BF4B-00C04F79EFBC}") = "DP.WorkFlow.Runtime.Tests", "tests\Workflow\DP.WorkFlow.Runtime.Tests\DP.WorkFlow.Runtime.Tests.csproj", "{31DCA4D2-E483-448C-9EC9-2D4CA87C398D}"
EndProject
Project("{FAE04EC0-301F-11D3-BF4B-00C04F79EFBC}") = "DP.WorkFlow.UI.Shared.Tests", "tests\Workflow\DP.WorkFlow.UI.Shared.Tests\DP.WorkFlow.UI.Shared.Tests.csproj", "{AA9981D6-B87D-4019-816E-8B79716C126F}"
EndProject
Project("{FAE04EC0-301F-11D3-BF4B-00C04F79EFBC}") = "DP.WorkFlow.UI.Windows.Tests", "tests\Workflow\DP.WorkFlow.UI.Windows.Tests\DP.WorkFlow.UI.Windows.Tests.csproj", "{B66EB91C-C4DA-4739-A413-4F879DE08BBC}"
EndProject
Project("{FAE04EC0-301F-11D3-BF4B-00C04F79EFBC}") = "ModernUI.WinForms.Net48.Smoke", "tests\Platform\ModernUI.WinForms.Net48.Smoke\ModernUI.WinForms.Net48.Smoke.csproj", "{4AC40050-37ED-42D9-8D88-53280454022C}"
EndProject
Project("{2150E333-8FDC-42A3-9474-1A3956D46DE8}") = "Samples", "Samples", "{5D20AA90-6969-D8BD-9DCD-8634F4692FDA}"
EndProject
Project("{FAE04EC0-301F-11D3-BF4B-00C04F79EFBC}") = "WindowsFormsApp1", "samples\ModernUI.WinForms.Sample\WindowsFormsApp1.csproj", "{3EA197AE-9931-4733-92D5-01D8D33E0506}"
EndProject
Project("{FAE04EC0-301F-11D3-BF4B-00C04F79EFBC}") = "ModernUI.WinForms.NativeStress", "tests\Platform\ModernUI.WinForms.NativeStress\ModernUI.WinForms.NativeStress.csproj", "{B0785D83-A1E6-4DE5-BA53-F93C7EEFC35C}"
EndProject
Project("{FAE04EC0-301F-11D3-BF4B-00C04F79EFBC}") = "ModernUI.WinForms.DesignerSmoke", "tests\Platform\ModernUI.WinForms.DesignerSmoke\ModernUI.WinForms.DesignerSmoke.csproj", "{C4224E99-AE94-422F-A7D2-06C233DB399E}"
EndProject
Project("{FAE04EC0-301F-11D3-BF4B-00C04F79EFBC}") = "ModernUI.WinForms.DataStress", "tests\Platform\ModernUI.WinForms.DataStress\ModernUI.WinForms.DataStress.csproj", "{2D977810-E648-4F25-BA36-FA3E68FBE499}"
EndProject
Project("{FAE04EC0-301F-11D3-BF4B-00C04F79EFBC}") = "WinFormsApp_test", "samples\DP.WorkFlow.WinForms.Sample\WinFormsApp_test.csproj", "{65D512AB-C994-2CEE-3827-A6134590A4AA}"
EndProject
Project("{2150E333-8FDC-42A3-9474-1A3956D46DE8}") = "Workflow", "Workflow", "{11000000-0000-0000-0000-000000000001}"
EndProject
Project("{2150E333-8FDC-42A3-9474-1A3956D46DE8}") = "Kernel", "Kernel", "{11000000-0000-0000-0000-000000000002}"
EndProject
Project("{2150E333-8FDC-42A3-9474-1A3956D46DE8}") = "Nodes", "Nodes", "{11000000-0000-0000-0000-000000000003}"
EndProject
Project("{2150E333-8FDC-42A3-9474-1A3956D46DE8}") = "Persistence", "Persistence", "{11000000-0000-0000-0000-000000000004}"
EndProject
Project("{2150E333-8FDC-42A3-9474-1A3956D46DE8}") = "Studio", "Studio", "{11000000-0000-0000-0000-000000000005}"
EndProject
Project("{2150E333-8FDC-42A3-9474-1A3956D46DE8}") = "Platform", "Platform", "{33000000-0000-0000-0000-000000000001}"
EndProject
Project("{2150E333-8FDC-42A3-9474-1A3956D46DE8}") = "Scripting", "Scripting", "{33000000-0000-0000-0000-000000000002}"
EndProject
Project("{2150E333-8FDC-42A3-9474-1A3956D46DE8}") = "Desktop", "Desktop", "{33000000-0000-0000-0000-000000000003}"
EndProject
Project("{2150E333-8FDC-42A3-9474-1A3956D46DE8}") = "Localization", "Localization", "{33000000-0000-0000-0000-000000000004}"
EndProject
Project("{2150E333-8FDC-42A3-9474-1A3956D46DE8}") = "Workflow", "Workflow", "{44000000-0000-0000-0000-000000000001}"
EndProject
Project("{2150E333-8FDC-42A3-9474-1A3956D46DE8}") = "Platform", "Platform", "{44000000-0000-0000-0000-000000000003}"
EndProject
Project("{FAE04EC0-301F-11D3-BF4B-00C04F79EFBC}") = "ScriptEngine.WinForms.Demo", "samples\ScriptEngine.WinForms.Demo\ScriptEngine.WinForms.Demo.csproj", "{5928BF41-475C-46AA-BCCC-29C244A53213}"
EndProject
Project("{2150E333-8FDC-42A3-9474-1A3956D46DE8}") = "Platform", "Platform", "{E54149B9-7F22-367F-9CC5-FD829E3AA07B}"
EndProject
Project("{2150E333-8FDC-42A3-9474-1A3956D46DE8}") = "Scripting", "Scripting", "{7E95E0C9-F161-1783-45EC-E3D8FD7CFF7A}"
EndProject
Project("{FAE04EC0-301F-11D3-BF4B-00C04F79EFBC}") = "ScriptEngine.Worker", "src\Platform\Scripting\ScriptEngine.Worker\ScriptEngine.Worker.csproj", "{C7225530-88A0-4852-B630-EEA884C6B544}"
EndProject
Project("{FAE04EC0-301F-11D3-BF4B-00C04F79EFBC}") = "ScriptEngine.Windows.Tests", "tests\Platform\ScriptEngine.Windows.Tests\ScriptEngine.Windows.Tests.csproj", "{A69DEC0D-2E41-4B35-BFF3-8AB9F3426BE8}"
EndProject
Project("{FAE04EC0-301F-11D3-BF4B-00C04F79EFBC}") = "ScriptEngine.Workspaces", "src\Platform\Scripting\ScriptEngine.Workspaces\ScriptEngine.Workspaces.csproj", "{F13C404D-7C65-44FE-9A8D-5B18912509F7}"
EndProject
Project("{FAE04EC0-301F-11D3-BF4B-00C04F79EFBC}") = "ScriptEngine.Workspaces.Tests", "tests\Platform\ScriptEngine.Workspaces.Tests\ScriptEngine.Workspaces.Tests.csproj", "{39D51D7A-CEDD-4069-8EC1-F10361EF65EC}"
EndProject
Project("{FAE04EC0-301F-11D3-BF4B-00C04F79EFBC}") = "DP.WorkFlow.Nodes.Vision.Tests", "tests\Workflow\DP.WorkFlow.Nodes.Vision.Tests\DP.WorkFlow.Nodes.Vision.Tests.csproj", "{4F1087D7-0E59-4407-9213-1DBEA5F52151}"
EndProject
Project("{FAE04EC0-301F-11D3-BF4B-00C04F79EFBC}") = "DP.WorkFlow.Process.UI.WinForms", "src\Workflow\Studio\DP.WorkFlow.Process.UI.WinForms\DP.WorkFlow.Process.UI.WinForms.csproj", "{83A4A372-7E87-40A0-825C-BCA1D822F1E8}"
EndProject
Project("{FAE04EC0-301F-11D3-BF4B-00C04F79EFBC}") = "DP.WorkFlow.Process.UI.Wpf", "src\Workflow\Studio\DP.WorkFlow.Process.UI.Wpf\DP.WorkFlow.Process.UI.Wpf.csproj", "{908E3113-7ACD-465F-BB65-179A63E10699}"
EndProject
Project("{FAE04EC0-301F-11D3-BF4B-00C04F79EFBC}") = "DP.WorkFlow.Nodes.Vision.Acquisition.Tests", "tests\Workflow\DP.WorkFlow.Nodes.Vision.Acquisition.Tests\DP.WorkFlow.Nodes.Vision.Acquisition.Tests.csproj", "{36B15C0F-92BE-4B57-8962-7A816369314A}"
EndProject
Global
	GlobalSection(SolutionConfigurationPlatforms) = preSolution
		Debug|Any CPU = Debug|Any CPU
		Debug|x64 = Debug|x64
		Debug|x86 = Debug|x86
		Release|Any CPU = Release|Any CPU
		Release|x64 = Release|x64
		Release|x86 = Release|x86
	EndGlobalSection
	GlobalSection(ProjectConfigurationPlatforms) = postSolution
		{CA87BEC0-0F9E-4002-9D50-B070DB0D63F4}.Debug|Any CPU.ActiveCfg = Debug|Any CPU
		{CA87BEC0-0F9E-4002-9D50-B070DB0D63F4}.Debug|Any CPU.Build.0 = Debug|Any CPU
		{CA87BEC0-0F9E-4002-9D50-B070DB0D63F4}.Debug|x64.ActiveCfg = Debug|Any CPU
		{CA87BEC0-0F9E-4002-9D50-B070DB0D63F4}.Debug|x64.Build.0 = Debug|Any CPU
		{CA87BEC0-0F9E-4002-9D50-B070DB0D63F4}.Debug|x86.ActiveCfg = Debug|Any CPU
		{CA87BEC0-0F9E-4002-9D50-B070DB0D63F4}.Debug|x86.Build.0 = Debug|Any CPU
		{CA87BEC0-0F9E-4002-9D50-B070DB0D63F4}.Release|Any CPU.ActiveCfg = Release|Any CPU
		{CA87BEC0-0F9E-4002-9D50-B070DB0D63F4}.Release|Any CPU.Build.0 = Release|Any CPU
		{CA87BEC0-0F9E-4002-9D50-B070DB0D63F4}.Release|x64.ActiveCfg = Release|Any CPU
		{CA87BEC0-0F9E-4002-9D50-B070DB0D63F4}.Release|x64.Build.0 = Release|Any CPU
		{CA87BEC0-0F9E-4002-9D50-B070DB0D63F4}.Release|x86.ActiveCfg = Release|Any CPU
		{CA87BEC0-0F9E-4002-9D50-B070DB0D63F4}.Release|x86.Build.0 = Release|Any CPU
		{78E4DB1C-236D-484C-BC3D-4729DE23EA87}.Debug|Any CPU.ActiveCfg = Debug|Any CPU
		{78E4DB1C-236D-484C-BC3D-4729DE23EA87}.Debug|Any CPU.Build.0 = Debug|Any CPU
		{78E4DB1C-236D-484C-BC3D-4729DE23EA87}.Debug|x64.ActiveCfg = Debug|Any CPU
		{78E4DB1C-236D-484C-BC3D-4729DE23EA87}.Debug|x64.Build.0 = Debug|Any CPU
		{78E4DB1C-236D-484C-BC3D-4729DE23EA87}.Debug|x86.ActiveCfg = Debug|Any CPU
		{78E4DB1C-236D-484C-BC3D-4729DE23EA87}.Debug|x86.Build.0 = Debug|Any CPU
		{78E4DB1C-236D-484C-BC3D-4729DE23EA87}.Release|Any CPU.ActiveCfg = Release|Any CPU
		{78E4DB1C-236D-484C-BC3D-4729DE23EA87}.Release|Any CPU.Build.0 = Release|Any CPU
		{78E4DB1C-236D-484C-BC3D-4729DE23EA87}.Release|x64.ActiveCfg = Release|Any CPU
		{78E4DB1C-236D-484C-BC3D-4729DE23EA87}.Release|x64.Build.0 = Release|Any CPU
		{78E4DB1C-236D-484C-BC3D-4729DE23EA87}.Release|x86.ActiveCfg = Release|Any CPU
		{78E4DB1C-236D-484C-BC3D-4729DE23EA87}.Release|x86.Build.0 = Release|Any CPU
		{8CBA2B19-C7F4-42DE-AD14-85C7DFAF5F72}.Debug|Any CPU.ActiveCfg = Debug|Any CPU
		{8CBA2B19-C7F4-42DE-AD14-85C7DFAF5F72}.Debug|Any CPU.Build.0 = Debug|Any CPU
		{8CBA2B19-C7F4-42DE-AD14-85C7DFAF5F72}.Debug|x64.ActiveCfg = Debug|Any CPU
		{8CBA2B19-C7F4-42DE-AD14-85C7DFAF5F72}.Debug|x64.Build.0 = Debug|Any CPU
		{8CBA2B19-C7F4-42DE-AD14-85C7DFAF5F72}.Debug|x86.ActiveCfg = Debug|Any CPU
		{8CBA2B19-C7F4-42DE-AD14-85C7DFAF5F72}.Debug|x86.Build.0 = Debug|Any CPU
		{8CBA2B19-C7F4-42DE-AD14-85C7DFAF5F72}.Release|Any CPU.ActiveCfg = Release|Any CPU
		{8CBA2B19-C7F4-42DE-AD14-85C7DFAF5F72}.Release|Any CPU.Build.0 = Release|Any CPU
		{8CBA2B19-C7F4-42DE-AD14-85C7DFAF5F72}.Release|x64.ActiveCfg = Release|Any CPU
		{8CBA2B19-C7F4-42DE-AD14-85C7DFAF5F72}.Release|x64.Build.0 = Release|Any CPU
		{8CBA2B19-C7F4-42DE-AD14-85C7DFAF5F72}.Release|x86.ActiveCfg = Release|Any CPU
		{8CBA2B19-C7F4-42DE-AD14-85C7DFAF5F72}.Release|x86.Build.0 = Release|Any CPU
		{A6D37312-A23B-4674-81D6-11A7642953F9}.Debug|Any CPU.ActiveCfg = Debug|Any CPU
		{A6D37312-A23B-4674-81D6-11A7642953F9}.Debug|Any CPU.Build.0 = Debug|Any CPU
		{A6D37312-A23B-4674-81D6-11A7642953F9}.Debug|x64.ActiveCfg = Debug|Any CPU
		{A6D37312-A23B-4674-81D6-11A7642953F9}.Debug|x64.Build.0 = Debug|Any CPU
		{A6D37312-A23B-4674-81D6-11A7642953F9}.Debug|x86.ActiveCfg = Debug|Any CPU
		{A6D37312-A23B-4674-81D6-11A7642953F9}.Debug|x86.Build.0 = Debug|Any CPU
		{A6D37312-A23B-4674-81D6-11A7642953F9}.Release|Any CPU.ActiveCfg = Release|Any CPU
		{A6D37312-A23B-4674-81D6-11A7642953F9}.Release|Any CPU.Build.0 = Release|Any CPU
		{A6D37312-A23B-4674-81D6-11A7642953F9}.Release|x64.ActiveCfg = Release|Any CPU
		{A6D37312-A23B-4674-81D6-11A7642953F9}.Release|x64.Build.0 = Release|Any CPU
		{A6D37312-A23B-4674-81D6-11A7642953F9}.Release|x86.ActiveCfg = Release|Any CPU
		{A6D37312-A23B-4674-81D6-11A7642953F9}.Release|x86.Build.0 = Release|Any CPU
		{C745E062-C224-4B6F-A66B-86DA936A2E38}.Debug|Any CPU.ActiveCfg = Debug|Any CPU
		{C745E062-C224-4B6F-A66B-86DA936A2E38}.Debug|Any CPU.Build.0 = Debug|Any CPU
		{C745E062-C224-4B6F-A66B-86DA936A2E38}.Debug|x64.ActiveCfg = Debug|Any CPU
		{C745E062-C224-4B6F-A66B-86DA936A2E38}.Debug|x64.Build.0 = Debug|Any CPU
		{C745E062-C224-4B6F-A66B-86DA936A2E38}.Debug|x86.ActiveCfg = Debug|Any CPU
		{C745E062-C224-4B6F-A66B-86DA936A2E38}.Debug|x86.Build.0 = Debug|Any CPU
		{C745E062-C224-4B6F-A66B-86DA936A2E38}.Release|Any CPU.ActiveCfg = Release|Any CPU
		{C745E062-C224-4B6F-A66B-86DA936A2E38}.Release|Any CPU.Build.0 = Release|Any CPU
		{C745E062-C224-4B6F-A66B-86DA936A2E38}.Release|x64.ActiveCfg = Release|Any CPU
		{C745E062-C224-4B6F-A66B-86DA936A2E38}.Release|x64.Build.0 = Release|Any CPU
		{C745E062-C224-4B6F-A66B-86DA936A2E38}.Release|x86.ActiveCfg = Release|Any CPU
		{C745E062-C224-4B6F-A66B-86DA936A2E38}.Release|x86.Build.0 = Release|Any CPU
		{E4CBE07A-ED16-4A28-B949-C18CCA681FEC}.Debug|Any CPU.ActiveCfg = Debug|Any CPU
		{E4CBE07A-ED16-4A28-B949-C18CCA681FEC}.Debug|Any CPU.Build.0 = Debug|Any CPU
		{E4CBE07A-ED16-4A28-B949-C18CCA681FEC}.Debug|x64.ActiveCfg = Debug|Any CPU
		{E4CBE07A-ED16-4A28-B949-C18CCA681FEC}.Debug|x64.Build.0 = Debug|Any CPU
		{E4CBE07A-ED16-4A28-B949-C18CCA681FEC}.Debug|x86.ActiveCfg = Debug|Any CPU
		{E4CBE07A-ED16-4A28-B949-C18CCA681FEC}.Debug|x86.Build.0 = Debug|Any CPU
		{E4CBE07A-ED16-4A28-B949-C18CCA681FEC}.Release|Any CPU.ActiveCfg = Release|Any CPU
		{E4CBE07A-ED16-4A28-B949-C18CCA681FEC}.Release|Any CPU.Build.0 = Release|Any CPU
		{E4CBE07A-ED16-4A28-B949-C18CCA681FEC}.Release|x64.ActiveCfg = Release|Any CPU
		{E4CBE07A-ED16-4A28-B949-C18CCA681FEC}.Release|x64.Build.0 = Release|Any CPU
		{E4CBE07A-ED16-4A28-B949-C18CCA681FEC}.Release|x86.ActiveCfg = Release|Any CPU
		{E4CBE07A-ED16-4A28-B949-C18CCA681FEC}.Release|x86.Build.0 = Release|Any CPU
		{683DEB4B-FA2B-4032-B41A-B88FDF6431EA}.Debug|Any CPU.ActiveCfg = Debug|Any CPU
		{683DEB4B-FA2B-4032-B41A-B88FDF6431EA}.Debug|Any CPU.Build.0 = Debug|Any CPU
		{683DEB4B-FA2B-4032-B41A-B88FDF6431EA}.Debug|x64.ActiveCfg = Debug|Any CPU
		{683DEB4B-FA2B-4032-B41A-B88FDF6431EA}.Debug|x64.Build.0 = Debug|Any CPU
		{683DEB4B-FA2B-4032-B41A-B88FDF6431EA}.Debug|x86.ActiveCfg = Debug|Any CPU
		{683DEB4B-FA2B-4032-B41A-B88FDF6431EA}.Debug|x86.Build.0 = Debug|Any CPU
		{683DEB4B-FA2B-4032-B41A-B88FDF6431EA}.Release|Any CPU.ActiveCfg = Release|Any CPU
		{683DEB4B-FA2B-4032-B41A-B88FDF6431EA}.Release|Any CPU.Build.0 = Release|Any CPU
		{683DEB4B-FA2B-4032-B41A-B88FDF6431EA}.Release|x64.ActiveCfg = Release|Any CPU
		{683DEB4B-FA2B-4032-B41A-B88FDF6431EA}.Release|x64.Build.0 = Release|Any CPU
		{683DEB4B-FA2B-4032-B41A-B88FDF6431EA}.Release|x86.ActiveCfg = Release|Any CPU
		{683DEB4B-FA2B-4032-B41A-B88FDF6431EA}.Release|x86.Build.0 = Release|Any CPU
		{C2920226-4665-4D5D-A3A8-6594A5A43EE1}.Debug|Any CPU.ActiveCfg = Debug|Any CPU
		{C2920226-4665-4D5D-A3A8-6594A5A43EE1}.Debug|Any CPU.Build.0 = Debug|Any CPU
		{C2920226-4665-4D5D-A3A8-6594A5A43EE1}.Debug|x64.ActiveCfg = Debug|Any CPU
		{C2920226-4665-4D5D-A3A8-6594A5A43EE1}.Debug|x64.Build.0 = Debug|Any CPU
		{C2920226-4665-4D5D-A3A8-6594A5A43EE1}.Debug|x86.ActiveCfg = Debug|Any CPU
		{C2920226-4665-4D5D-A3A8-6594A5A43EE1}.Debug|x86.Build.0 = Debug|Any CPU
		{C2920226-4665-4D5D-A3A8-6594A5A43EE1}.Release|Any CPU.ActiveCfg = Release|Any CPU
		{C2920226-4665-4D5D-A3A8-6594A5A43EE1}.Release|Any CPU.Build.0 = Release|Any CPU
		{C2920226-4665-4D5D-A3A8-6594A5A43EE1}.Release|x64.ActiveCfg = Release|Any CPU
		{C2920226-4665-4D5D-A3A8-6594A5A43EE1}.Release|x64.Build.0 = Release|Any CPU
		{C2920226-4665-4D5D-A3A8-6594A5A43EE1}.Release|x86.ActiveCfg = Release|Any CPU
		{C2920226-4665-4D5D-A3A8-6594A5A43EE1}.Release|x86.Build.0 = Release|Any CPU
		{E7E853C0-2F53-4891-A855-4B76A18E4E0F}.Debug|Any CPU.ActiveCfg = Debug|Any CPU
		{E7E853C0-2F53-4891-A855-4B76A18E4E0F}.Debug|Any CPU.Build.0 = Debug|Any CPU
		{E7E853C0-2F53-4891-A855-4B76A18E4E0F}.Debug|x64.ActiveCfg = Debug|Any CPU
		{E7E853C0-2F53-4891-A855-4B76A18E4E0F}.Debug|x64.Build.0 = Debug|Any CPU
		{E7E853C0-2F53-4891-A855-4B76A18E4E0F}.Debug|x86.ActiveCfg = Debug|Any CPU
		{E7E853C0-2F53-4891-A855-4B76A18E4E0F}.Debug|x86.Build.0 = Debug|Any CPU
		{E7E853C0-2F53-4891-A855-4B76A18E4E0F}.Release|Any CPU.ActiveCfg = Release|Any CPU
		{E7E853C0-2F53-4891-A855-4B76A18E4E0F}.Release|Any CPU.Build.0 = Release|Any CPU
		{E7E853C0-2F53-4891-A855-4B76A18E4E0F}.Release|x64.ActiveCfg = Release|Any CPU
		{E7E853C0-2F53-4891-A855-4B76A18E4E0F}.Release|x64.Build.0 = Release|Any CPU
		{E7E853C0-2F53-4891-A855-4B76A18E4E0F}.Release|x86.ActiveCfg = Release|Any CPU
		{E7E853C0-2F53-4891-A855-4B76A18E4E0F}.Release|x86.Build.0 = Release|Any CPU
		{61AEF19E-6A92-468B-AAAE-E6690B9776B1}.Debug|Any CPU.ActiveCfg = Debug|Any CPU
		{61AEF19E-6A92-468B-AAAE-E6690B9776B1}.Debug|Any CPU.Build.0 = Debug|Any CPU
		{61AEF19E-6A92-468B-AAAE-E6690B9776B1}.Debug|x64.ActiveCfg = Debug|Any CPU
		{61AEF19E-6A92-468B-AAAE-E6690B9776B1}.Debug|x64.Build.0 = Debug|Any CPU
		{61AEF19E-6A92-468B-AAAE-E6690B9776B1}.Debug|x86.ActiveCfg = Debug|Any CPU
		{61AEF19E-6A92-468B-AAAE-E6690B9776B1}.Debug|x86.Build.0 = Debug|Any CPU
		{61AEF19E-6A92-468B-AAAE-E6690B9776B1}.Release|Any CPU.ActiveCfg = Release|Any CPU
		{61AEF19E-6A92-468B-AAAE-E6690B9776B1}.Release|Any CPU.Build.0 = Release|Any CPU
		{61AEF19E-6A92-468B-AAAE-E6690B9776B1}.Release|x64.ActiveCfg = Release|Any CPU
		{61AEF19E-6A92-468B-AAAE-E6690B9776B1}.Release|x64.Build.0 = Release|Any CPU
		{61AEF19E-6A92-468B-AAAE-E6690B9776B1}.Release|x86.ActiveCfg = Release|Any CPU
		{61AEF19E-6A92-468B-AAAE-E6690B9776B1}.Release|x86.Build.0 = Release|Any CPU
		{B8827366-A529-47FE-A979-A8B467D8AFD4}.Debug|Any CPU.ActiveCfg = Debug|Any CPU
		{B8827366-A529-47FE-A979-A8B467D8AFD4}.Debug|Any CPU.Build.0 = Debug|Any CPU
		{B8827366-A529-47FE-A979-A8B467D8AFD4}.Debug|x64.ActiveCfg = Debug|Any CPU
		{B8827366-A529-47FE-A979-A8B467D8AFD4}.Debug|x64.Build.0 = Debug|Any CPU
		{B8827366-A529-47FE-A979-A8B467D8AFD4}.Debug|x86.ActiveCfg = Debug|Any CPU
		{B8827366-A529-47FE-A979-A8B467D8AFD4}.Debug|x86.Build.0 = Debug|Any CPU
		{B8827366-A529-47FE-A979-A8B467D8AFD4}.Release|Any CPU.ActiveCfg = Release|Any CPU
		{B8827366-A529-47FE-A979-A8B467D8AFD4}.Release|Any CPU.Build.0 = Release|Any CPU
		{B8827366-A529-47FE-A979-A8B467D8AFD4}.Release|x64.ActiveCfg = Release|Any CPU
		{B8827366-A529-47FE-A979-A8B467D8AFD4}.Release|x64.Build.0 = Release|Any CPU
		{B8827366-A529-47FE-A979-A8B467D8AFD4}.Release|x86.ActiveCfg = Release|Any CPU
		{B8827366-A529-47FE-A979-A8B467D8AFD4}.Release|x86.Build.0 = Release|Any CPU
		{E5E7DA45-CDC9-4B26-B5F8-83767452322F}.Debug|Any CPU.ActiveCfg = Debug|Any CPU
		{E5E7DA45-CDC9-4B26-B5F8-83767452322F}.Debug|Any CPU.Build.0 = Debug|Any CPU
		{E5E7DA45-CDC9-4B26-B5F8-83767452322F}.Debug|x64.ActiveCfg = Debug|Any CPU
		{E5E7DA45-CDC9-4B26-B5F8-83767452322F}.Debug|x64.Build.0 = Debug|Any CPU
		{E5E7DA45-CDC9-4B26-B5F8-83767452322F}.Debug|x86.ActiveCfg = Debug|Any CPU
		{E5E7DA45-CDC9-4B26-B5F8-83767452322F}.Debug|x86.Build.0 = Debug|Any CPU
		{E5E7DA45-CDC9-4B26-B5F8-83767452322F}.Release|Any CPU.ActiveCfg = Release|Any CPU
		{E5E7DA45-CDC9-4B26-B5F8-83767452322F}.Release|Any CPU.Build.0 = Release|Any CPU
		{E5E7DA45-CDC9-4B26-B5F8-83767452322F}.Release|x64.ActiveCfg = Release|Any CPU
		{E5E7DA45-CDC9-4B26-B5F8-83767452322F}.Release|x64.Build.0 = Release|Any CPU
		{E5E7DA45-CDC9-4B26-B5F8-83767452322F}.Release|x86.ActiveCfg = Release|Any CPU
		{E5E7DA45-CDC9-4B26-B5F8-83767452322F}.Release|x86.Build.0 = Release|Any CPU
		{0457A39B-8DC6-4052-AC4A-AE8C95EB41E2}.Debug|Any CPU.ActiveCfg = Debug|Any CPU
		{0457A39B-8DC6-4052-AC4A-AE8C95EB41E2}.Debug|Any CPU.Build.0 = Debug|Any CPU
		{0457A39B-8DC6-4052-AC4A-AE8C95EB41E2}.Debug|x64.ActiveCfg = Debug|Any CPU
		{0457A39B-8DC6-4052-AC4A-AE8C95EB41E2}.Debug|x64.Build.0 = Debug|Any CPU
		{0457A39B-8DC6-4052-AC4A-AE8C95EB41E2}.Debug|x86.ActiveCfg = Debug|Any CPU
		{0457A39B-8DC6-4052-AC4A-AE8C95EB41E2}.Debug|x86.Build.0 = Debug|Any CPU
		{0457A39B-8DC6-4052-AC4A-AE8C95EB41E2}.Release|Any CPU.ActiveCfg = Release|Any CPU
		{0457A39B-8DC6-4052-AC4A-AE8C95EB41E2}.Release|Any CPU.Build.0 = Release|Any CPU
		{0457A39B-8DC6-4052-AC4A-AE8C95EB41E2}.Release|x64.ActiveCfg = Release|Any CPU
		{0457A39B-8DC6-4052-AC4A-AE8C95EB41E2}.Release|x64.Build.0 = Release|Any CPU
		{0457A39B-8DC6-4052-AC4A-AE8C95EB41E2}.Release|x86.ActiveCfg = Release|Any CPU
		{0457A39B-8DC6-4052-AC4A-AE8C95EB41E2}.Release|x86.Build.0 = Release|Any CPU
		{073387FB-997A-43F5-8C16-E422BAEF433C}.Debug|Any CPU.ActiveCfg = Debug|Any CPU
		{073387FB-997A-43F5-8C16-E422BAEF433C}.Debug|Any CPU.Build.0 = Debug|Any CPU
		{073387FB-997A-43F5-8C16-E422BAEF433C}.Debug|x64.ActiveCfg = Debug|Any CPU
		{073387FB-997A-43F5-8C16-E422BAEF433C}.Debug|x64.Build.0 = Debug|Any CPU
		{073387FB-997A-43F5-8C16-E422BAEF433C}.Debug|x86.ActiveCfg = Debug|Any CPU
		{073387FB-997A-43F5-8C16-E422BAEF433C}.Debug|x86.Build.0 = Debug|Any CPU
		{073387FB-997A-43F5-8C16-E422BAEF433C}.Release|Any CPU.ActiveCfg = Release|Any CPU
		{073387FB-997A-43F5-8C16-E422BAEF433C}.Release|Any CPU.Build.0 = Release|Any CPU
		{073387FB-997A-43F5-8C16-E422BAEF433C}.Release|x64.ActiveCfg = Release|Any CPU
		{073387FB-997A-43F5-8C16-E422BAEF433C}.Release|x64.Build.0 = Release|Any CPU
		{073387FB-997A-43F5-8C16-E422BAEF433C}.Release|x86.ActiveCfg = Release|Any CPU
		{073387FB-997A-43F5-8C16-E422BAEF433C}.Release|x86.Build.0 = Release|Any CPU
		{7BB323BE-DC57-4863-B1A9-10EEF74E4EB4}.Debug|Any CPU.ActiveCfg = Debug|Any CPU
		{7BB323BE-DC57-4863-B1A9-10EEF74E4EB4}.Debug|Any CPU.Build.0 = Debug|Any CPU
		{7BB323BE-DC57-4863-B1A9-10EEF74E4EB4}.Debug|x64.ActiveCfg = Debug|Any CPU
		{7BB323BE-DC57-4863-B1A9-10EEF74E4EB4}.Debug|x64.Build.0 = Debug|Any CPU
		{7BB323BE-DC57-4863-B1A9-10EEF74E4EB4}.Debug|x86.ActiveCfg = Debug|Any CPU
		{7BB323BE-DC57-4863-B1A9-10EEF74E4EB4}.Debug|x86.Build.0 = Debug|Any CPU
		{7BB323BE-DC57-4863-B1A9-10EEF74E4EB4}.Release|Any CPU.ActiveCfg = Release|Any CPU
		{7BB323BE-DC57-4863-B1A9-10EEF74E4EB4}.Release|Any CPU.Build.0 = Release|Any CPU
		{7BB323BE-DC57-4863-B1A9-10EEF74E4EB4}.Release|x64.ActiveCfg = Release|Any CPU
		{7BB323BE-DC57-4863-B1A9-10EEF74E4EB4}.Release|x64.Build.0 = Release|Any CPU
		{7BB323BE-DC57-4863-B1A9-10EEF74E4EB4}.Release|x86.ActiveCfg = Release|Any CPU
		{7BB323BE-DC57-4863-B1A9-10EEF74E4EB4}.Release|x86.Build.0 = Release|Any CPU
		{BB8C620C-A8B5-41D7-8C7B-EA7CB8813FEE}.Debug|Any CPU.ActiveCfg = Debug|Any CPU
		{BB8C620C-A8B5-41D7-8C7B-EA7CB8813FEE}.Debug|Any CPU.Build.0 = Debug|Any CPU
		{BB8C620C-A8B5-41D7-8C7B-EA7CB8813FEE}.Debug|x64.ActiveCfg = Debug|Any CPU
		{BB8C620C-A8B5-41D7-8C7B-EA7CB8813FEE}.Debug|x64.Build.0 = Debug|Any CPU
		{BB8C620C-A8B5-41D7-8C7B-EA7CB8813FEE}.Debug|x86.ActiveCfg = Debug|Any CPU
		{BB8C620C-A8B5-41D7-8C7B-EA7CB8813FEE}.Debug|x86.Build.0 = Debug|Any CPU
		{BB8C620C-A8B5-41D7-8C7B-EA7CB8813FEE}.Release|Any CPU.ActiveCfg = Release|Any CPU
		{BB8C620C-A8B5-41D7-8C7B-EA7CB8813FEE}.Release|Any CPU.Build.0 = Release|Any CPU
		{BB8C620C-A8B5-41D7-8C7B-EA7CB8813FEE}.Release|x64.ActiveCfg = Release|Any CPU
		{BB8C620C-A8B5-41D7-8C7B-EA7CB8813FEE}.Release|x64.Build.0 = Release|Any CPU
		{BB8C620C-A8B5-41D7-8C7B-EA7CB8813FEE}.Release|x86.ActiveCfg = Release|Any CPU
		{BB8C620C-A8B5-41D7-8C7B-EA7CB8813FEE}.Release|x86.Build.0 = Release|Any CPU
		{F6D9A36B-89D3-4A20-B118-1E1778BCCB3B}.Debug|Any CPU.ActiveCfg = Debug|Any CPU
		{F6D9A36B-89D3-4A20-B118-1E1778BCCB3B}.Debug|Any CPU.Build.0 = Debug|Any CPU
		{F6D9A36B-89D3-4A20-B118-1E1778BCCB3B}.Debug|x64.ActiveCfg = Debug|Any CPU
		{F6D9A36B-89D3-4A20-B118-1E1778BCCB3B}.Debug|x64.Build.0 = Debug|Any CPU
		{F6D9A36B-89D3-4A20-B118-1E1778BCCB3B}.Debug|x86.ActiveCfg = Debug|Any CPU
		{F6D9A36B-89D3-4A20-B118-1E1778BCCB3B}.Debug|x86.Build.0 = Debug|Any CPU
		{F6D9A36B-89D3-4A20-B118-1E1778BCCB3B}.Release|Any CPU.ActiveCfg = Release|Any CPU
		{F6D9A36B-89D3-4A20-B118-1E1778BCCB3B}.Release|Any CPU.Build.0 = Release|Any CPU
		{F6D9A36B-89D3-4A20-B118-1E1778BCCB3B}.Release|x64.ActiveCfg = Release|Any CPU
		{F6D9A36B-89D3-4A20-B118-1E1778BCCB3B}.Release|x64.Build.0 = Release|Any CPU
		{F6D9A36B-89D3-4A20-B118-1E1778BCCB3B}.Release|x86.ActiveCfg = Release|Any CPU
		{F6D9A36B-89D3-4A20-B118-1E1778BCCB3B}.Release|x86.Build.0 = Release|Any CPU
		{61EE8E77-3B13-4EF8-A7CC-FC45F072B729}.Debug|Any CPU.ActiveCfg = Debug|Any CPU
		{61EE8E77-3B13-4EF8-A7CC-FC45F072B729}.Debug|Any CPU.Build.0 = Debug|Any CPU
		{61EE8E77-3B13-4EF8-A7CC-FC45F072B729}.Debug|x64.ActiveCfg = Debug|Any CPU
		{61EE8E77-3B13-4EF8-A7CC-FC45F072B729}.Debug|x64.Build.0 = Debug|Any CPU
		{61EE8E77-3B13-4EF8-A7CC-FC45F072B729}.Debug|x86.ActiveCfg = Debug|Any CPU
		{61EE8E77-3B13-4EF8-A7CC-FC45F072B729}.Debug|x86.Build.0 = Debug|Any CPU
		{61EE8E77-3B13-4EF8-A7CC-FC45F072B729}.Release|Any CPU.ActiveCfg = Release|Any CPU
		{61EE8E77-3B13-4EF8-A7CC-FC45F072B729}.Release|Any CPU.Build.0 = Release|Any CPU
		{61EE8E77-3B13-4EF8-A7CC-FC45F072B729}.Release|x64.ActiveCfg = Release|Any CPU
		{61EE8E77-3B13-4EF8-A7CC-FC45F072B729}.Release|x64.Build.0 = Release|Any CPU
		{61EE8E77-3B13-4EF8-A7CC-FC45F072B729}.Release|x86.ActiveCfg = Release|Any CPU
		{61EE8E77-3B13-4EF8-A7CC-FC45F072B729}.Release|x86.Build.0 = Release|Any CPU
		{B5018D15-639C-4FCD-AAED-5DE1615DD872}.Debug|Any CPU.ActiveCfg = Debug|Any CPU
		{B5018D15-639C-4FCD-AAED-5DE1615DD872}.Debug|Any CPU.Build.0 = Debug|Any CPU
		{B5018D15-639C-4FCD-AAED-5DE1615DD872}.Debug|x64.ActiveCfg = Debug|Any CPU
		{B5018D15-639C-4FCD-AAED-5DE1615DD872}.Debug|x64.Build.0 = Debug|Any CPU
		{B5018D15-639C-4FCD-AAED-5DE1615DD872}.Debug|x86.ActiveCfg = Debug|Any CPU
		{B5018D15-639C-4FCD-AAED-5DE1615DD872}.Debug|x86.Build.0 = Debug|Any CPU
		{B5018D15-639C-4FCD-AAED-5DE1615DD872}.Release|Any CPU.ActiveCfg = Release|Any CPU
		{B5018D15-639C-4FCD-AAED-5DE1615DD872}.Release|Any CPU.Build.0 = Release|Any CPU
		{B5018D15-639C-4FCD-AAED-5DE1615DD872}.Release|x64.ActiveCfg = Release|Any CPU
		{B5018D15-639C-4FCD-AAED-5DE1615DD872}.Release|x64.Build.0 = Release|Any CPU
		{B5018D15-639C-4FCD-AAED-5DE1615DD872}.Release|x86.ActiveCfg = Release|Any CPU
		{B5018D15-639C-4FCD-AAED-5DE1615DD872}.Release|x86.Build.0 = Release|Any CPU
		{6024AE70-64D1-4ACD-9BA3-4D6F416F97E8}.Debug|Any CPU.ActiveCfg = Debug|Any CPU
		{6024AE70-64D1-4ACD-9BA3-4D6F416F97E8}.Debug|Any CPU.Build.0 = Debug|Any CPU
		{6024AE70-64D1-4ACD-9BA3-4D6F416F97E8}.Debug|x64.ActiveCfg = Debug|Any CPU
		{6024AE70-64D1-4ACD-9BA3-4D6F416F97E8}.Debug|x64.Build.0 = Debug|Any CPU
		{6024AE70-64D1-4ACD-9BA3-4D6F416F97E8}.Debug|x86.ActiveCfg = Debug|Any CPU
		{6024AE70-64D1-4ACD-9BA3-4D6F416F97E8}.Debug|x86.Build.0 = Debug|Any CPU
		{6024AE70-64D1-4ACD-9BA3-4D6F416F97E8}.Release|Any CPU.ActiveCfg = Release|Any CPU
		{6024AE70-64D1-4ACD-9BA3-4D6F416F97E8}.Release|Any CPU.Build.0 = Release|Any CPU
		{6024AE70-64D1-4ACD-9BA3-4D6F416F97E8}.Release|x64.ActiveCfg = Release|Any CPU
		{6024AE70-64D1-4ACD-9BA3-4D6F416F97E8}.Release|x64.Build.0 = Release|Any CPU
		{6024AE70-64D1-4ACD-9BA3-4D6F416F97E8}.Release|x86.ActiveCfg = Release|Any CPU
		{6024AE70-64D1-4ACD-9BA3-4D6F416F97E8}.Release|x86.Build.0 = Release|Any CPU
		{9EF35A05-6239-463B-B8AA-F927BF634967}.Debug|Any CPU.ActiveCfg = Debug|Any CPU
		{9EF35A05-6239-463B-B8AA-F927BF634967}.Debug|Any CPU.Build.0 = Debug|Any CPU
		{9EF35A05-6239-463B-B8AA-F927BF634967}.Debug|x64.ActiveCfg = Debug|Any CPU
		{9EF35A05-6239-463B-B8AA-F927BF634967}.Debug|x64.Build.0 = Debug|Any CPU
		{9EF35A05-6239-463B-B8AA-F927BF634967}.Debug|x86.ActiveCfg = Debug|Any CPU
		{9EF35A05-6239-463B-B8AA-F927BF634967}.Debug|x86.Build.0 = Debug|Any CPU
		{9EF35A05-6239-463B-B8AA-F927BF634967}.Release|Any CPU.ActiveCfg = Release|Any CPU
		{9EF35A05-6239-463B-B8AA-F927BF634967}.Release|Any CPU.Build.0 = Release|Any CPU
		{9EF35A05-6239-463B-B8AA-F927BF634967}.Release|x64.ActiveCfg = Release|Any CPU
		{9EF35A05-6239-463B-B8AA-F927BF634967}.Release|x64.Build.0 = Release|Any CPU
		{9EF35A05-6239-463B-B8AA-F927BF634967}.Release|x86.ActiveCfg = Release|Any CPU
		{9EF35A05-6239-463B-B8AA-F927BF634967}.Release|x86.Build.0 = Release|Any CPU
		{CFF82FAD-EB83-4128-A617-A8CFD757B432}.Debug|Any CPU.ActiveCfg = Debug|Any CPU
		{CFF82FAD-EB83-4128-A617-A8CFD757B432}.Debug|Any CPU.Build.0 = Debug|Any CPU
		{CFF82FAD-EB83-4128-A617-A8CFD757B432}.Debug|x64.ActiveCfg = Debug|Any CPU
		{CFF82FAD-EB83-4128-A617-A8CFD757B432}.Debug|x64.Build.0 = Debug|Any CPU
		{CFF82FAD-EB83-4128-A617-A8CFD757B432}.Debug|x86.ActiveCfg = Debug|Any CPU
		{CFF82FAD-EB83-4128-A617-A8CFD757B432}.Debug|x86.Build.0 = Debug|Any CPU
		{CFF82FAD-EB83-4128-A617-A8CFD757B432}.Release|Any CPU.ActiveCfg = Release|Any CPU
		{CFF82FAD-EB83-4128-A617-A8CFD757B432}.Release|Any CPU.Build.0 = Release|Any CPU
		{CFF82FAD-EB83-4128-A617-A8CFD757B432}.Release|x64.ActiveCfg = Release|Any CPU
		{CFF82FAD-EB83-4128-A617-A8CFD757B432}.Release|x64.Build.0 = Release|Any CPU
		{CFF82FAD-EB83-4128-A617-A8CFD757B432}.Release|x86.ActiveCfg = Release|Any CPU
		{CFF82FAD-EB83-4128-A617-A8CFD757B432}.Release|x86.Build.0 = Release|Any CPU
		{9C54212E-20A1-48C8-AFC6-47AB4CC1E6FA}.Debug|Any CPU.ActiveCfg = Debug|Any CPU
		{9C54212E-20A1-48C8-AFC6-47AB4CC1E6FA}.Debug|Any CPU.Build.0 = Debug|Any CPU
		{9C54212E-20A1-48C8-AFC6-47AB4CC1E6FA}.Debug|x64.ActiveCfg = Debug|Any CPU
		{9C54212E-20A1-48C8-AFC6-47AB4CC1E6FA}.Debug|x64.Build.0 = Debug|Any CPU
		{9C54212E-20A1-48C8-AFC6-47AB4CC1E6FA}.Debug|x86.ActiveCfg = Debug|Any CPU
		{9C54212E-20A1-48C8-AFC6-47AB4CC1E6FA}.Debug|x86.Build.0 = Debug|Any CPU
		{9C54212E-20A1-48C8-AFC6-47AB4CC1E6FA}.Release|Any CPU.ActiveCfg = Release|Any CPU
		{9C54212E-20A1-48C8-AFC6-47AB4CC1E6FA}.Release|Any CPU.Build.0 = Release|Any CPU
		{9C54212E-20A1-48C8-AFC6-47AB4CC1E6FA}.Release|x64.ActiveCfg = Release|Any CPU
		{9C54212E-20A1-48C8-AFC6-47AB4CC1E6FA}.Release|x64.Build.0 = Release|Any CPU
		{9C54212E-20A1-48C8-AFC6-47AB4CC1E6FA}.Release|x86.ActiveCfg = Release|Any CPU
		{9C54212E-20A1-48C8-AFC6-47AB4CC1E6FA}.Release|x86.Build.0 = Release|Any CPU
		{77D2CA0F-10CA-4C2B-A44E-99E1B461161D}.Debug|Any CPU.ActiveCfg = Debug|Any CPU
		{77D2CA0F-10CA-4C2B-A44E-99E1B461161D}.Debug|Any CPU.Build.0 = Debug|Any CPU
		{77D2CA0F-10CA-4C2B-A44E-99E1B461161D}.Debug|x64.ActiveCfg = Debug|Any CPU
		{77D2CA0F-10CA-4C2B-A44E-99E1B461161D}.Debug|x64.Build.0 = Debug|Any CPU
		{77D2CA0F-10CA-4C2B-A44E-99E1B461161D}.Debug|x86.ActiveCfg = Debug|Any CPU
		{77D2CA0F-10CA-4C2B-A44E-99E1B461161D}.Debug|x86.Build.0 = Debug|Any CPU
		{77D2CA0F-10CA-4C2B-A44E-99E1B461161D}.Release|Any CPU.ActiveCfg = Release|Any CPU
		{77D2CA0F-10CA-4C2B-A44E-99E1B461161D}.Release|Any CPU.Build.0 = Release|Any CPU
		{77D2CA0F-10CA-4C2B-A44E-99E1B461161D}.Release|x64.ActiveCfg = Release|Any CPU
		{77D2CA0F-10CA-4C2B-A44E-99E1B461161D}.Release|x64.Build.0 = Release|Any CPU
		{77D2CA0F-10CA-4C2B-A44E-99E1B461161D}.Release|x86.ActiveCfg = Release|Any CPU
		{77D2CA0F-10CA-4C2B-A44E-99E1B461161D}.Release|x86.Build.0 = Release|Any CPU
		{134A29B8-1AB9-4455-8770-30E28A2B78EB}.Debug|Any CPU.ActiveCfg = Debug|Any CPU
		{134A29B8-1AB9-4455-8770-30E28A2B78EB}.Debug|Any CPU.Build.0 = Debug|Any CPU
		{134A29B8-1AB9-4455-8770-30E28A2B78EB}.Debug|x64.ActiveCfg = Debug|Any CPU
		{134A29B8-1AB9-4455-8770-30E28A2B78EB}.Debug|x64.Build.0 = Debug|Any CPU
		{134A29B8-1AB9-4455-8770-30E28A2B78EB}.Debug|x86.ActiveCfg = Debug|Any CPU
		{134A29B8-1AB9-4455-8770-30E28A2B78EB}.Debug|x86.Build.0 = Debug|Any CPU
		{134A29B8-1AB9-4455-8770-30E28A2B78EB}.Release|Any CPU.ActiveCfg = Release|Any CPU
		{134A29B8-1AB9-4455-8770-30E28A2B78EB}.Release|Any CPU.Build.0 = Release|Any CPU
		{134A29B8-1AB9-4455-8770-30E28A2B78EB}.Release|x64.ActiveCfg = Release|Any CPU
		{134A29B8-1AB9-4455-8770-30E28A2B78EB}.Release|x64.Build.0 = Release|Any CPU
		{134A29B8-1AB9-4455-8770-30E28A2B78EB}.Release|x86.ActiveCfg = Release|Any CPU
		{134A29B8-1AB9-4455-8770-30E28A2B78EB}.Release|x86.Build.0 = Release|Any CPU
		{F6EFA20B-CCC7-4ECC-BD82-CC280D96A198}.Debug|Any CPU.ActiveCfg = Debug|Any CPU
		{F6EFA20B-CCC7-4ECC-BD82-CC280D96A198}.Debug|Any CPU.Build.0 = Debug|Any CPU
		{F6EFA20B-CCC7-4ECC-BD82-CC280D96A198}.Debug|x64.ActiveCfg = Debug|Any CPU
		{F6EFA20B-CCC7-4ECC-BD82-CC280D96A198}.Debug|x64.Build.0 = Debug|Any CPU
		{F6EFA20B-CCC7-4ECC-BD82-CC280D96A198}.Debug|x86.ActiveCfg = Debug|Any CPU
		{F6EFA20B-CCC7-4ECC-BD82-CC280D96A198}.Debug|x86.Build.0 = Debug|Any CPU
		{F6EFA20B-CCC7-4ECC-BD82-CC280D96A198}.Release|Any CPU.ActiveCfg = Release|Any CPU
		{F6EFA20B-CCC7-4ECC-BD82-CC280D96A198}.Release|Any CPU.Build.0 = Release|Any CPU
		{F6EFA20B-CCC7-4ECC-BD82-CC280D96A198}.Release|x64.ActiveCfg = Release|Any CPU
		{F6EFA20B-CCC7-4ECC-BD82-CC280D96A198}.Release|x64.Build.0 = Release|Any CPU
		{F6EFA20B-CCC7-4ECC-BD82-CC280D96A198}.Release|x86.ActiveCfg = Release|Any CPU
		{F6EFA20B-CCC7-4ECC-BD82-CC280D96A198}.Release|x86.Build.0 = Release|Any CPU
		{BD35C634-9A82-4F5C-B747-9BD62AD624B1}.Debug|Any CPU.ActiveCfg = Debug|Any CPU
		{BD35C634-9A82-4F5C-B747-9BD62AD624B1}.Debug|Any CPU.Build.0 = Debug|Any CPU
		{BD35C634-9A82-4F5C-B747-9BD62AD624B1}.Debug|x64.ActiveCfg = Debug|Any CPU
		{BD35C634-9A82-4F5C-B747-9BD62AD624B1}.Debug|x64.Build.0 = Debug|Any CPU
		{BD35C634-9A82-4F5C-B747-9BD62AD624B1}.Debug|x86.ActiveCfg = Debug|Any CPU
		{BD35C634-9A82-4F5C-B747-9BD62AD624B1}.Debug|x86.Build.0 = Debug|Any CPU
		{BD35C634-9A82-4F5C-B747-9BD62AD624B1}.Release|Any CPU.ActiveCfg = Release|Any CPU
		{BD35C634-9A82-4F5C-B747-9BD62AD624B1}.Release|Any CPU.Build.0 = Release|Any CPU
		{BD35C634-9A82-4F5C-B747-9BD62AD624B1}.Release|x64.ActiveCfg = Release|Any CPU
		{BD35C634-9A82-4F5C-B747-9BD62AD624B1}.Release|x64.Build.0 = Release|Any CPU
		{BD35C634-9A82-4F5C-B747-9BD62AD624B1}.Release|x86.ActiveCfg = Release|Any CPU
		{BD35C634-9A82-4F5C-B747-9BD62AD624B1}.Release|x86.Build.0 = Release|Any CPU
		{38FF21AA-F999-4EC5-90E2-BF2E1CAF9F5F}.Debug|Any CPU.ActiveCfg = Debug|Any CPU
		{38FF21AA-F999-4EC5-90E2-BF2E1CAF9F5F}.Debug|Any CPU.Build.0 = Debug|Any CPU
		{38FF21AA-F999-4EC5-90E2-BF2E1CAF9F5F}.Debug|x64.ActiveCfg = Debug|Any CPU
		{38FF21AA-F999-4EC5-90E2-BF2E1CAF9F5F}.Debug|x64.Build.0 = Debug|Any CPU
		{38FF21AA-F999-4EC5-90E2-BF2E1CAF9F5F}.Debug|x86.ActiveCfg = Debug|Any CPU
		{38FF21AA-F999-4EC5-90E2-BF2E1CAF9F5F}.Debug|x86.Build.0 = Debug|Any CPU
		{38FF21AA-F999-4EC5-90E2-BF2E1CAF9F5F}.Release|Any CPU.ActiveCfg = Release|Any CPU
		{38FF21AA-F999-4EC5-90E2-BF2E1CAF9F5F}.Release|Any CPU.Build.0 = Release|Any CPU
		{38FF21AA-F999-4EC5-90E2-BF2E1CAF9F5F}.Release|x64.ActiveCfg = Release|Any CPU
		{38FF21AA-F999-4EC5-90E2-BF2E1CAF9F5F}.Release|x64.Build.0 = Release|Any CPU
		{38FF21AA-F999-4EC5-90E2-BF2E1CAF9F5F}.Release|x86.ActiveCfg = Release|Any CPU
		{38FF21AA-F999-4EC5-90E2-BF2E1CAF9F5F}.Release|x86.Build.0 = Release|Any CPU
		{31DCA4D2-E483-448C-9EC9-2D4CA87C398D}.Debug|Any CPU.ActiveCfg = Debug|Any CPU
		{31DCA4D2-E483-448C-9EC9-2D4CA87C398D}.Debug|Any CPU.Build.0 = Debug|Any CPU
		{31DCA4D2-E483-448C-9EC9-2D4CA87C398D}.Debug|x64.ActiveCfg = Debug|Any CPU
		{31DCA4D2-E483-448C-9EC9-2D4CA87C398D}.Debug|x64.Build.0 = Debug|Any CPU
		{31DCA4D2-E483-448C-9EC9-2D4CA87C398D}.Debug|x86.ActiveCfg = Debug|Any CPU
		{31DCA4D2-E483-448C-9EC9-2D4CA87C398D}.Debug|x86.Build.0 = Debug|Any CPU
		{31DCA4D2-E483-448C-9EC9-2D4CA87C398D}.Release|Any CPU.ActiveCfg = Release|Any CPU
		{31DCA4D2-E483-448C-9EC9-2D4CA87C398D}.Release|Any CPU.Build.0 = Release|Any CPU
		{31DCA4D2-E483-448C-9EC9-2D4CA87C398D}.Release|x64.ActiveCfg = Release|Any CPU
		{31DCA4D2-E483-448C-9EC9-2D4CA87C398D}.Release|x64.Build.0 = Release|Any CPU
		{31DCA4D2-E483-448C-9EC9-2D4CA87C398D}.Release|x86.ActiveCfg = Release|Any CPU
		{31DCA4D2-E483-448C-9EC9-2D4CA87C398D}.Release|x86.Build.0 = Release|Any CPU
		{AA9981D6-B87D-4019-816E-8B79716C126F}.Debug|Any CPU.ActiveCfg = Debug|Any CPU
		{AA9981D6-B87D-4019-816E-8B79716C126F}.Debug|Any CPU.Build.0 = Debug|Any CPU
		{AA9981D6-B87D-4019-816E-8B79716C126F}.Debug|x64.ActiveCfg = Debug|Any CPU
		{AA9981D6-B87D-4019-816E-8B79716C126F}.Debug|x64.Build.0 = Debug|Any CPU
		{AA9981D6-B87D-4019-816E-8B79716C126F}.Debug|x86.ActiveCfg = Debug|Any CPU
		{AA9981D6-B87D-4019-816E-8B79716C126F}.Debug|x86.Build.0 = Debug|Any CPU
		{AA9981D6-B87D-4019-816E-8B79716C126F}.Release|Any CPU.ActiveCfg = Release|Any CPU
		{AA9981D6-B87D-4019-816E-8B79716C126F}.Release|Any CPU.Build.0 = Release|Any CPU
		{AA9981D6-B87D-4019-816E-8B79716C126F}.Release|x64.ActiveCfg = Release|Any CPU
		{AA9981D6-B87D-4019-816E-8B79716C126F}.Release|x64.Build.0 = Release|Any CPU
		{AA9981D6-B87D-4019-816E-8B79716C126F}.Release|x86.ActiveCfg = Release|Any CPU
		{AA9981D6-B87D-4019-816E-8B79716C126F}.Release|x86.Build.0 = Release|Any CPU
		{B66EB91C-C4DA-4739-A413-4F879DE08BBC}.Debug|Any CPU.ActiveCfg = Debug|Any CPU
		{B66EB91C-C4DA-4739-A413-4F879DE08BBC}.Debug|Any CPU.Build.0 = Debug|Any CPU
		{B66EB91C-C4DA-4739-A413-4F879DE08BBC}.Debug|x64.ActiveCfg = Debug|Any CPU
		{B66EB91C-C4DA-4739-A413-4F879DE08BBC}.Debug|x64.Build.0 = Debug|Any CPU
		{B66EB91C-C4DA-4739-A413-4F879DE08BBC}.Debug|x86.ActiveCfg = Debug|Any CPU
		{B66EB91C-C4DA-4739-A413-4F879DE08BBC}.Debug|x86.Build.0 = Debug|Any CPU
		{B66EB91C-C4DA-4739-A413-4F879DE08BBC}.Release|Any CPU.ActiveCfg = Release|Any CPU
		{B66EB91C-C4DA-4739-A413-4F879DE08BBC}.Release|Any CPU.Build.0 = Release|Any CPU
		{B66EB91C-C4DA-4739-A413-4F879DE08BBC}.Release|x64.ActiveCfg = Release|Any CPU
		{B66EB91C-C4DA-4739-A413-4F879DE08BBC}.Release|x64.Build.0 = Release|Any CPU
		{B66EB91C-C4DA-4739-A413-4F879DE08BBC}.Release|x86.ActiveCfg = Release|Any CPU
		{B66EB91C-C4DA-4739-A413-4F879DE08BBC}.Release|x86.Build.0 = Release|Any CPU
		{4AC40050-37ED-42D9-8D88-53280454022C}.Debug|Any CPU.ActiveCfg = Debug|Any CPU
		{4AC40050-37ED-42D9-8D88-53280454022C}.Debug|Any CPU.Build.0 = Debug|Any CPU
		{4AC40050-37ED-42D9-8D88-53280454022C}.Debug|x64.ActiveCfg = Debug|Any CPU
		{4AC40050-37ED-42D9-8D88-53280454022C}.Debug|x64.Build.0 = Debug|Any CPU
		{4AC40050-37ED-42D9-8D88-53280454022C}.Debug|x86.ActiveCfg = Debug|Any CPU
		{4AC40050-37ED-42D9-8D88-53280454022C}.Debug|x86.Build.0 = Debug|Any CPU
		{4AC40050-37ED-42D9-8D88-53280454022C}.Release|Any CPU.ActiveCfg = Release|Any CPU
		{4AC40050-37ED-42D9-8D88-53280454022C}.Release|Any CPU.Build.0 = Release|Any CPU
		{4AC40050-37ED-42D9-8D88-53280454022C}.Release|x64.ActiveCfg = Release|Any CPU
		{4AC40050-37ED-42D9-8D88-53280454022C}.Release|x64.Build.0 = Release|Any CPU
		{4AC40050-37ED-42D9-8D88-53280454022C}.Release|x86.ActiveCfg = Release|Any CPU
		{4AC40050-37ED-42D9-8D88-53280454022C}.Release|x86.Build.0 = Release|Any CPU
		{3EA197AE-9931-4733-92D5-01D8D33E0506}.Debug|Any CPU.ActiveCfg = Debug|Any CPU
		{3EA197AE-9931-4733-92D5-01D8D33E0506}.Debug|Any CPU.Build.0 = Debug|Any CPU
		{3EA197AE-9931-4733-92D5-01D8D33E0506}.Debug|x64.ActiveCfg = Debug|Any CPU
		{3EA197AE-9931-4733-92D5-01D8D33E0506}.Debug|x64.Build.0 = Debug|Any CPU
		{3EA197AE-9931-4733-92D5-01D8D33E0506}.Debug|x86.ActiveCfg = Debug|Any CPU
		{3EA197AE-9931-4733-92D5-01D8D33E0506}.Debug|x86.Build.0 = Debug|Any CPU
		{3EA197AE-9931-4733-92D5-01D8D33E0506}.Release|Any CPU.ActiveCfg = Release|Any CPU
		{3EA197AE-9931-4733-92D5-01D8D33E0506}.Release|Any CPU.Build.0 = Release|Any CPU
		{3EA197AE-9931-4733-92D5-01D8D33E0506}.Release|x64.ActiveCfg = Release|Any CPU
		{3EA197AE-9931-4733-92D5-01D8D33E0506}.Release|x64.Build.0 = Release|Any CPU
		{3EA197AE-9931-4733-92D5-01D8D33E0506}.Release|x86.ActiveCfg = Release|Any CPU
		{3EA197AE-9931-4733-92D5-01D8D33E0506}.Release|x86.Build.0 = Release|Any CPU
		{B0785D83-A1E6-4DE5-BA53-F93C7EEFC35C}.Debug|Any CPU.ActiveCfg = Debug|Any CPU
		{B0785D83-A1E6-4DE5-BA53-F93C7EEFC35C}.Debug|Any CPU.Build.0 = Debug|Any CPU
		{B0785D83-A1E6-4DE5-BA53-F93C7EEFC35C}.Debug|x64.ActiveCfg = Debug|Any CPU
		{B0785D83-A1E6-4DE5-BA53-F93C7EEFC35C}.Debug|x64.Build.0 = Debug|Any CPU
		{B0785D83-A1E6-4DE5-BA53-F93C7EEFC35C}.Debug|x86.ActiveCfg = Debug|Any CPU
		{B0785D83-A1E6-4DE5-BA53-F93C7EEFC35C}.Debug|x86.Build.0 = Debug|Any CPU
		{B0785D83-A1E6-4DE5-BA53-F93C7EEFC35C}.Release|Any CPU.ActiveCfg = Release|Any CPU
		{B0785D83-A1E6-4DE5-BA53-F93C7EEFC35C}.Release|Any CPU.Build.0 = Release|Any CPU
		{B0785D83-A1E6-4DE5-BA53-F93C7EEFC35C}.Release|x64.ActiveCfg = Release|Any CPU
		{B0785D83-A1E6-4DE5-BA53-F93C7EEFC35C}.Release|x64.Build.0 = Release|Any CPU
		{B0785D83-A1E6-4DE5-BA53-F93C7EEFC35C}.Release|x86.ActiveCfg = Release|Any CPU
		{B0785D83-A1E6-4DE5-BA53-F93C7EEFC35C}.Release|x86.Build.0 = Release|Any CPU
		{C4224E99-AE94-422F-A7D2-06C233DB399E}.Debug|Any CPU.ActiveCfg = Debug|Any CPU
		{C4224E99-AE94-422F-A7D2-06C233DB399E}.Debug|Any CPU.Build.0 = Debug|Any CPU
		{C4224E99-AE94-422F-A7D2-06C233DB399E}.Debug|x64.ActiveCfg = Debug|Any CPU
		{C4224E99-AE94-422F-A7D2-06C233DB399E}.Debug|x64.Build.0 = Debug|Any CPU
		{C4224E99-AE94-422F-A7D2-06C233DB399E}.Debug|x86.ActiveCfg = Debug|Any CPU
		{C4224E99-AE94-422F-A7D2-06C233DB399E}.Debug|x86.Build.0 = Debug|Any CPU
		{C4224E99-AE94-422F-A7D2-06C233DB399E}.Release|Any CPU.ActiveCfg = Release|Any CPU
		{C4224E99-AE94-422F-A7D2-06C233DB399E}.Release|Any CPU.Build.0 = Release|Any CPU
		{C4224E99-AE94-422F-A7D2-06C233DB399E}.Release|x64.ActiveCfg = Release|Any CPU
		{C4224E99-AE94-422F-A7D2-06C233DB399E}.Release|x64.Build.0 = Release|Any CPU
		{C4224E99-AE94-422F-A7D2-06C233DB399E}.Release|x86.ActiveCfg = Release|Any CPU
		{C4224E99-AE94-422F-A7D2-06C233DB399E}.Release|x86.Build.0 = Release|Any CPU
		{2D977810-E648-4F25-BA36-FA3E68FBE499}.Debug|Any CPU.ActiveCfg = Debug|Any CPU
		{2D977810-E648-4F25-BA36-FA3E68FBE499}.Debug|Any CPU.Build.0 = Debug|Any CPU
		{2D977810-E648-4F25-BA36-FA3E68FBE499}.Debug|x64.ActiveCfg = Debug|Any CPU
		{2D977810-E648-4F25-BA36-FA3E68FBE499}.Debug|x64.Build.0 = Debug|Any CPU
		{2D977810-E648-4F25-BA36-FA3E68FBE499}.Debug|x86.ActiveCfg = Debug|Any CPU
		{2D977810-E648-4F25-BA36-FA3E68FBE499}.Debug|x86.Build.0 = Debug|Any CPU
		{2D977810-E648-4F25-BA36-FA3E68FBE499}.Release|Any CPU.ActiveCfg = Release|Any CPU
		{2D977810-E648-4F25-BA36-FA3E68FBE499}.Release|Any CPU.Build.0 = Release|Any CPU
		{2D977810-E648-4F25-BA36-FA3E68FBE499}.Release|x64.ActiveCfg = Release|Any CPU
		{2D977810-E648-4F25-BA36-FA3E68FBE499}.Release|x64.Build.0 = Release|Any CPU
		{2D977810-E648-4F25-BA36-FA3E68FBE499}.Release|x86.ActiveCfg = Release|Any CPU
		{2D977810-E648-4F25-BA36-FA3E68FBE499}.Release|x86.Build.0 = Release|Any CPU
		{65D512AB-C994-2CEE-3827-A6134590A4AA}.Debug|Any CPU.ActiveCfg = Debug|Any CPU
		{65D512AB-C994-2CEE-3827-A6134590A4AA}.Debug|Any CPU.Build.0 = Debug|Any CPU
		{65D512AB-C994-2CEE-3827-A6134590A4AA}.Debug|x64.ActiveCfg = Debug|Any CPU
		{65D512AB-C994-2CEE-3827-A6134590A4AA}.Debug|x64.Build.0 = Debug|Any CPU
		{65D512AB-C994-2CEE-3827-A6134590A4AA}.Debug|x86.ActiveCfg = Debug|Any CPU
		{65D512AB-C994-2CEE-3827-A6134590A4AA}.Debug|x86.Build.0 = Debug|Any CPU
		{65D512AB-C994-2CEE-3827-A6134590A4AA}.Release|Any CPU.ActiveCfg = Release|Any CPU
		{65D512AB-C994-2CEE-3827-A6134590A4AA}.Release|Any CPU.Build.0 = Release|Any CPU
		{65D512AB-C994-2CEE-3827-A6134590A4AA}.Release|x64.ActiveCfg = Release|Any CPU
		{65D512AB-C994-2CEE-3827-A6134590A4AA}.Release|x64.Build.0 = Release|Any CPU
		{65D512AB-C994-2CEE-3827-A6134590A4AA}.Release|x86.ActiveCfg = Release|Any CPU
		{65D512AB-C994-2CEE-3827-A6134590A4AA}.Release|x86.Build.0 = Release|Any CPU
		{5928BF41-475C-46AA-BCCC-29C244A53213}.Debug|Any CPU.ActiveCfg = Debug|Any CPU
		{5928BF41-475C-46AA-BCCC-29C244A53213}.Debug|Any CPU.Build.0 = Debug|Any CPU
		{5928BF41-475C-46AA-BCCC-29C244A53213}.Debug|x64.ActiveCfg = Debug|Any CPU
		{5928BF41-475C-46AA-BCCC-29C244A53213}.Debug|x64.Build.0 = Debug|Any CPU
		{5928BF41-475C-46AA-BCCC-29C244A53213}.Debug|x86.ActiveCfg = Debug|Any CPU
		{5928BF41-475C-46AA-BCCC-29C244A53213}.Debug|x86.Build.0 = Debug|Any CPU
		{5928BF41-475C-46AA-BCCC-29C244A53213}.Release|Any CPU.ActiveCfg = Release|Any CPU
		{5928BF41-475C-46AA-BCCC-29C244A53213}.Release|Any CPU.Build.0 = Release|Any CPU
		{5928BF41-475C-46AA-BCCC-29C244A53213}.Release|x64.ActiveCfg = Release|Any CPU
		{5928BF41-475C-46AA-BCCC-29C244A53213}.Release|x64.Build.0 = Release|Any CPU
		{5928BF41-475C-46AA-BCCC-29C244A53213}.Release|x86.ActiveCfg = Release|Any CPU
		{5928BF41-475C-46AA-BCCC-29C244A53213}.Release|x86.Build.0 = Release|Any CPU
		{C7225530-88A0-4852-B630-EEA884C6B544}.Debug|Any CPU.ActiveCfg = Debug|Any CPU
		{C7225530-88A0-4852-B630-EEA884C6B544}.Debug|Any CPU.Build.0 = Debug|Any CPU
		{C7225530-88A0-4852-B630-EEA884C6B544}.Debug|x64.ActiveCfg = Debug|Any CPU
		{C7225530-88A0-4852-B630-EEA884C6B544}.Debug|x64.Build.0 = Debug|Any CPU
		{C7225530-88A0-4852-B630-EEA884C6B544}.Debug|x86.ActiveCfg = Debug|Any CPU
		{C7225530-88A0-4852-B630-EEA884C6B544}.Debug|x86.Build.0 = Debug|Any CPU
		{C7225530-88A0-4852-B630-EEA884C6B544}.Release|Any CPU.ActiveCfg = Release|Any CPU
		{C7225530-88A0-4852-B630-EEA884C6B544}.Release|Any CPU.Build.0 = Release|Any CPU
		{C7225530-88A0-4852-B630-EEA884C6B544}.Release|x64.ActiveCfg = Release|Any CPU
		{C7225530-88A0-4852-B630-EEA884C6B544}.Release|x64.Build.0 = Release|Any CPU
		{C7225530-88A0-4852-B630-EEA884C6B544}.Release|x86.ActiveCfg = Release|Any CPU
		{C7225530-88A0-4852-B630-EEA884C6B544}.Release|x86.Build.0 = Release|Any CPU
		{A69DEC0D-2E41-4B35-BFF3-8AB9F3426BE8}.Debug|Any CPU.ActiveCfg = Debug|Any CPU
		{A69DEC0D-2E41-4B35-BFF3-8AB9F3426BE8}.Debug|Any CPU.Build.0 = Debug|Any CPU
		{A69DEC0D-2E41-4B35-BFF3-8AB9F3426BE8}.Debug|x64.ActiveCfg = Debug|Any CPU
		{A69DEC0D-2E41-4B35-BFF3-8AB9F3426BE8}.Debug|x64.Build.0 = Debug|Any CPU
		{A69DEC0D-2E41-4B35-BFF3-8AB9F3426BE8}.Debug|x86.ActiveCfg = Debug|Any CPU
		{A69DEC0D-2E41-4B35-BFF3-8AB9F3426BE8}.Debug|x86.Build.0 = Debug|Any CPU
		{A69DEC0D-2E41-4B35-BFF3-8AB9F3426BE8}.Release|Any CPU.ActiveCfg = Release|Any CPU
		{A69DEC0D-2E41-4B35-BFF3-8AB9F3426BE8}.Release|Any CPU.Build.0 = Release|Any CPU
		{A69DEC0D-2E41-4B35-BFF3-8AB9F3426BE8}.Release|x64.ActiveCfg = Release|Any CPU
		{A69DEC0D-2E41-4B35-BFF3-8AB9F3426BE8}.Release|x64.Build.0 = Release|Any CPU
		{A69DEC0D-2E41-4B35-BFF3-8AB9F3426BE8}.Release|x86.ActiveCfg = Release|Any CPU
		{A69DEC0D-2E41-4B35-BFF3-8AB9F3426BE8}.Release|x86.Build.0 = Release|Any CPU
		{F13C404D-7C65-44FE-9A8D-5B18912509F7}.Debug|Any CPU.ActiveCfg = Debug|Any CPU
		{F13C404D-7C65-44FE-9A8D-5B18912509F7}.Debug|Any CPU.Build.0 = Debug|Any CPU
		{F13C404D-7C65-44FE-9A8D-5B18912509F7}.Debug|x64.ActiveCfg = Debug|Any CPU
		{F13C404D-7C65-44FE-9A8D-5B18912509F7}.Debug|x64.Build.0 = Debug|Any CPU
		{F13C404D-7C65-44FE-9A8D-5B18912509F7}.Debug|x86.ActiveCfg = Debug|Any CPU
		{F13C404D-7C65-44FE-9A8D-5B18912509F7}.Debug|x86.Build.0 = Debug|Any CPU
		{F13C404D-7C65-44FE-9A8D-5B18912509F7}.Release|Any CPU.ActiveCfg = Release|Any CPU
		{F13C404D-7C65-44FE-9A8D-5B18912509F7}.Release|Any CPU.Build.0 = Release|Any CPU
		{F13C404D-7C65-44FE-9A8D-5B18912509F7}.Release|x64.ActiveCfg = Release|Any CPU
		{F13C404D-7C65-44FE-9A8D-5B18912509F7}.Release|x64.Build.0 = Release|Any CPU
		{F13C404D-7C65-44FE-9A8D-5B18912509F7}.Release|x86.ActiveCfg = Release|Any CPU
		{F13C404D-7C65-44FE-9A8D-5B18912509F7}.Release|x86.Build.0 = Release|Any CPU
		{39D51D7A-CEDD-4069-8EC1-F10361EF65EC}.Debug|Any CPU.ActiveCfg = Debug|Any CPU
		{39D51D7A-CEDD-4069-8EC1-F10361EF65EC}.Debug|Any CPU.Build.0 = Debug|Any CPU
		{39D51D7A-CEDD-4069-8EC1-F10361EF65EC}.Debug|x64.ActiveCfg = Debug|Any CPU
		{39D51D7A-CEDD-4069-8EC1-F10361EF65EC}.Debug|x64.Build.0 = Debug|Any CPU
		{39D51D7A-CEDD-4069-8EC1-F10361EF65EC}.Debug|x86.ActiveCfg = Debug|Any CPU
		{39D51D7A-CEDD-4069-8EC1-F10361EF65EC}.Debug|x86.Build.0 = Debug|Any CPU
		{39D51D7A-CEDD-4069-8EC1-F10361EF65EC}.Release|Any CPU.ActiveCfg = Release|Any CPU
		{39D51D7A-CEDD-4069-8EC1-F10361EF65EC}.Release|Any CPU.Build.0 = Release|Any CPU
		{39D51D7A-CEDD-4069-8EC1-F10361EF65EC}.Release|x64.ActiveCfg = Release|Any CPU
		{39D51D7A-CEDD-4069-8EC1-F10361EF65EC}.Release|x64.Build.0 = Release|Any CPU
		{39D51D7A-CEDD-4069-8EC1-F10361EF65EC}.Release|x86.ActiveCfg = Release|Any CPU
		{39D51D7A-CEDD-4069-8EC1-F10361EF65EC}.Release|x86.Build.0 = Release|Any CPU
		{4F1087D7-0E59-4407-9213-1DBEA5F52151}.Debug|Any CPU.ActiveCfg = Debug|Any CPU
		{4F1087D7-0E59-4407-9213-1DBEA5F52151}.Debug|Any CPU.Build.0 = Debug|Any CPU
		{4F1087D7-0E59-4407-9213-1DBEA5F52151}.Debug|x64.ActiveCfg = Debug|Any CPU
		{4F1087D7-0E59-4407-9213-1DBEA5F52151}.Debug|x64.Build.0 = Debug|Any CPU
		{4F1087D7-0E59-4407-9213-1DBEA5F52151}.Debug|x86.ActiveCfg = Debug|Any CPU
		{4F1087D7-0E59-4407-9213-1DBEA5F52151}.Debug|x86.Build.0 = Debug|Any CPU
		{4F1087D7-0E59-4407-9213-1DBEA5F52151}.Release|Any CPU.ActiveCfg = Release|Any CPU
		{4F1087D7-0E59-4407-9213-1DBEA5F52151}.Release|Any CPU.Build.0 = Release|Any CPU
		{4F1087D7-0E59-4407-9213-1DBEA5F52151}.Release|x64.ActiveCfg = Release|Any CPU
		{4F1087D7-0E59-4407-9213-1DBEA5F52151}.Release|x64.Build.0 = Release|Any CPU
		{4F1087D7-0E59-4407-9213-1DBEA5F52151}.Release|x86.ActiveCfg = Release|Any CPU
		{4F1087D7-0E59-4407-9213-1DBEA5F52151}.Release|x86.Build.0 = Release|Any CPU
		{83A4A372-7E87-40A0-825C-BCA1D822F1E8}.Debug|Any CPU.ActiveCfg = Debug|Any CPU
		{83A4A372-7E87-40A0-825C-BCA1D822F1E8}.Debug|Any CPU.Build.0 = Debug|Any CPU
		{83A4A372-7E87-40A0-825C-BCA1D822F1E8}.Debug|x64.ActiveCfg = Debug|Any CPU
		{83A4A372-7E87-40A0-825C-BCA1D822F1E8}.Debug|x64.Build.0 = Debug|Any CPU
		{83A4A372-7E87-40A0-825C-BCA1D822F1E8}.Debug|x86.ActiveCfg = Debug|Any CPU
		{83A4A372-7E87-40A0-825C-BCA1D822F1E8}.Debug|x86.Build.0 = Debug|Any CPU
		{83A4A372-7E87-40A0-825C-BCA1D822F1E8}.Release|Any CPU.ActiveCfg = Release|Any CPU
		{83A4A372-7E87-40A0-825C-BCA1D822F1E8}.Release|Any CPU.Build.0 = Release|Any CPU
		{83A4A372-7E87-40A0-825C-BCA1D822F1E8}.Release|x64.ActiveCfg = Release|Any CPU
		{83A4A372-7E87-40A0-825C-BCA1D822F1E8}.Release|x64.Build.0 = Release|Any CPU
		{83A4A372-7E87-40A0-825C-BCA1D822F1E8}.Release|x86.ActiveCfg = Release|Any CPU
		{83A4A372-7E87-40A0-825C-BCA1D822F1E8}.Release|x86.Build.0 = Release|Any CPU
		{908E3113-7ACD-465F-BB65-179A63E10699}.Debug|Any CPU.ActiveCfg = Debug|Any CPU
		{908E3113-7ACD-465F-BB65-179A63E10699}.Debug|Any CPU.Build.0 = Debug|Any CPU
		{908E3113-7ACD-465F-BB65-179A63E10699}.Debug|x64.ActiveCfg = Debug|Any CPU
		{908E3113-7ACD-465F-BB65-179A63E10699}.Debug|x64.Build.0 = Debug|Any CPU
		{908E3113-7ACD-465F-BB65-179A63E10699}.Debug|x86.ActiveCfg = Debug|Any CPU
		{908E3113-7ACD-465F-BB65-179A63E10699}.Debug|x86.Build.0 = Debug|Any CPU
		{908E3113-7ACD-465F-BB65-179A63E10699}.Release|Any CPU.ActiveCfg = Release|Any CPU
		{908E3113-7ACD-465F-BB65-179A63E10699}.Release|Any CPU.Build.0 = Release|Any CPU
		{908E3113-7ACD-465F-BB65-179A63E10699}.Release|x64.ActiveCfg = Release|Any CPU
		{908E3113-7ACD-465F-BB65-179A63E10699}.Release|x64.Build.0 = Release|Any CPU
		{908E3113-7ACD-465F-BB65-179A63E10699}.Release|x86.ActiveCfg = Release|Any CPU
		{908E3113-7ACD-465F-BB65-179A63E10699}.Release|x86.Build.0 = Release|Any CPU
		{36B15C0F-92BE-4B57-8962-7A816369314A}.Debug|Any CPU.ActiveCfg = Debug|Any CPU
		{36B15C0F-92BE-4B57-8962-7A816369314A}.Debug|Any CPU.Build.0 = Debug|Any CPU
		{36B15C0F-92BE-4B57-8962-7A816369314A}.Debug|x64.ActiveCfg = Debug|Any CPU
		{36B15C0F-92BE-4B57-8962-7A816369314A}.Debug|x64.Build.0 = Debug|Any CPU
		{36B15C0F-92BE-4B57-8962-7A816369314A}.Debug|x86.ActiveCfg = Debug|Any CPU
		{36B15C0F-92BE-4B57-8962-7A816369314A}.Debug|x86.Build.0 = Debug|Any CPU
		{36B15C0F-92BE-4B57-8962-7A816369314A}.Release|Any CPU.ActiveCfg = Release|Any CPU
		{36B15C0F-92BE-4B57-8962-7A816369314A}.Release|Any CPU.Build.0 = Release|Any CPU
		{36B15C0F-92BE-4B57-8962-7A816369314A}.Release|x64.ActiveCfg = Release|Any CPU
		{36B15C0F-92BE-4B57-8962-7A816369314A}.Release|x64.Build.0 = Release|Any CPU
		{36B15C0F-92BE-4B57-8962-7A816369314A}.Release|x86.ActiveCfg = Release|Any CPU
		{36B15C0F-92BE-4B57-8962-7A816369314A}.Release|x86.Build.0 = Release|Any CPU
	EndGlobalSection
	GlobalSection(SolutionProperties) = preSolution
		HideSolutionNode = FALSE
	EndGlobalSection
	GlobalSection(NestedProjects) = preSolution
		{CA87BEC0-0F9E-4002-9D50-B070DB0D63F4} = {33000000-0000-0000-0000-000000000002}
		{78E4DB1C-236D-484C-BC3D-4729DE23EA87} = {33000000-0000-0000-0000-000000000002}
		{8CBA2B19-C7F4-42DE-AD14-85C7DFAF5F72} = {33000000-0000-0000-0000-000000000002}
		{A6D37312-A23B-4674-81D6-11A7642953F9} = {11000000-0000-0000-0000-000000000002}
		{C745E062-C224-4B6F-A66B-86DA936A2E38} = {11000000-0000-0000-0000-000000000002}
		{E4CBE07A-ED16-4A28-B949-C18CCA681FEC} = {11000000-0000-0000-0000-000000000003}
		{683DEB4B-FA2B-4032-B41A-B88FDF6431EA} = {11000000-0000-0000-0000-000000000003}
		{C2920226-4665-4D5D-A3A8-6594A5A43EE1} = {11000000-0000-0000-0000-000000000003}
		{E7E853C0-2F53-4891-A855-4B76A18E4E0F} = {11000000-0000-0000-0000-000000000003}
		{61AEF19E-6A92-468B-AAAE-E6690B9776B1} = {11000000-0000-0000-0000-000000000003}
		{B8827366-A529-47FE-A979-A8B467D8AFD4} = {11000000-0000-0000-0000-000000000004}
		{E5E7DA45-CDC9-4B26-B5F8-83767452322F} = {11000000-0000-0000-0000-000000000002}
		{0457A39B-8DC6-4052-AC4A-AE8C95EB41E2} = {11000000-0000-0000-0000-000000000005}
		{073387FB-997A-43F5-8C16-E422BAEF433C} = {11000000-0000-0000-0000-000000000005}
		{7BB323BE-DC57-4863-B1A9-10EEF74E4EB4} = {11000000-0000-0000-0000-000000000005}
		{BB8C620C-A8B5-41D7-8C7B-EA7CB8813FEE} = {11000000-0000-0000-0000-000000000005}
		{F6D9A36B-89D3-4A20-B118-1E1778BCCB3B} = {11000000-0000-0000-0000-000000000005}
		{61EE8E77-3B13-4EF8-A7CC-FC45F072B729} = {11000000-0000-0000-0000-000000000005}
		{B5018D15-639C-4FCD-AAED-5DE1615DD872} = {33000000-0000-0000-0000-000000000003}
		{6024AE70-64D1-4ACD-9BA3-4D6F416F97E8} = {33000000-0000-0000-0000-000000000003}
		{9EF35A05-6239-463B-B8AA-F927BF634967} = {33000000-0000-0000-0000-000000000004}
		{CFF82FAD-EB83-4128-A617-A8CFD757B432} = {44000000-0000-0000-0000-000000000003}
		{9C54212E-20A1-48C8-AFC6-47AB4CC1E6FA} = {44000000-0000-0000-0000-000000000001}
		{77D2CA0F-10CA-4C2B-A44E-99E1B461161D} = {44000000-0000-0000-0000-000000000001}
		{134A29B8-1AB9-4455-8770-30E28A2B78EB} = {44000000-0000-0000-0000-000000000001}
		{F6EFA20B-CCC7-4ECC-BD82-CC280D96A198} = {44000000-0000-0000-0000-000000000001}
		{BD35C634-9A82-4F5C-B747-9BD62AD624B1} = {44000000-0000-0000-0000-000000000001}
		{38FF21AA-F999-4EC5-90E2-BF2E1CAF9F5F} = {44000000-0000-0000-0000-000000000001}
		{31DCA4D2-E483-448C-9EC9-2D4CA87C398D} = {44000000-0000-0000-0000-000000000001}
		{AA9981D6-B87D-4019-816E-8B79716C126F} = {44000000-0000-0000-0000-000000000001}
		{B66EB91C-C4DA-4739-A413-4F879DE08BBC} = {44000000-0000-0000-0000-000000000001}
		{4AC40050-37ED-42D9-8D88-53280454022C} = {44000000-0000-0000-0000-000000000003}
		{3EA197AE-9931-4733-92D5-01D8D33E0506} = {5D20AA90-6969-D8BD-9DCD-8634F4692FDA}
		{B0785D83-A1E6-4DE5-BA53-F93C7EEFC35C} = {44000000-0000-0000-0000-000000000003}
		{C4224E99-AE94-422F-A7D2-06C233DB399E} = {44000000-0000-0000-0000-000000000003}
		{2D977810-E648-4F25-BA36-FA3E68FBE499} = {44000000-0000-0000-0000-000000000003}
		{65D512AB-C994-2CEE-3827-A6134590A4AA} = {5D20AA90-6969-D8BD-9DCD-8634F4692FDA}
		{11000000-0000-0000-0000-000000000001} = {827E0CD3-B72D-47B6-A68D-7590B98EB39B}
		{11000000-0000-0000-0000-000000000002} = {11000000-0000-0000-0000-000000000001}
		{11000000-0000-0000-0000-000000000003} = {11000000-0000-0000-0000-000000000001}
		{11000000-0000-0000-0000-000000000004} = {11000000-0000-0000-0000-000000000001}
		{11000000-0000-0000-0000-000000000005} = {11000000-0000-0000-0000-000000000001}
		{33000000-0000-0000-0000-000000000001} = {827E0CD3-B72D-47B6-A68D-7590B98EB39B}
		{33000000-0000-0000-0000-000000000002} = {33000000-0000-0000-0000-000000000001}
		{33000000-0000-0000-0000-000000000003} = {33000000-0000-0000-0000-000000000001}
		{33000000-0000-0000-0000-000000000004} = {33000000-0000-0000-0000-000000000001}
		{44000000-0000-0000-0000-000000000001} = {0AB3BF05-4346-4AA6-1389-037BE0695223}
		{44000000-0000-0000-0000-000000000003} = {0AB3BF05-4346-4AA6-1389-037BE0695223}
		{5928BF41-475C-46AA-BCCC-29C244A53213} = {5D20AA90-6969-D8BD-9DCD-8634F4692FDA}
		{7E95E0C9-F161-1783-45EC-E3D8FD7CFF7A} = {E54149B9-7F22-367F-9CC5-FD829E3AA07B}
		{C7225530-88A0-4852-B630-EEA884C6B544} = {7E95E0C9-F161-1783-45EC-E3D8FD7CFF7A}
		{A69DEC0D-2E41-4B35-BFF3-8AB9F3426BE8} = {44000000-0000-0000-0000-000000000003}
		{F13C404D-7C65-44FE-9A8D-5B18912509F7} = {33000000-0000-0000-0000-000000000002}
		{39D51D7A-CEDD-4069-8EC1-F10361EF65EC} = {44000000-0000-0000-0000-000000000003}
		{4F1087D7-0E59-4407-9213-1DBEA5F52151} = {44000000-0000-0000-0000-000000000001}
		{83A4A372-7E87-40A0-825C-BCA1D822F1E8} = {11000000-0000-0000-0000-000000000005}
		{908E3113-7ACD-465F-BB65-179A63E10699} = {11000000-0000-0000-0000-000000000005}
		{36B15C0F-92BE-4B57-8962-7A816369314A} = {44000000-0000-0000-0000-000000000001}
	EndGlobalSection
EndGlobal
